{
  "name": "sls-api3",
  "version": "1.0.0",
  "lockfileVersion": 1,
  "requires": true,
  "dependencies": {
    "serverless-azure-functions": {
      "version": "0.7.0",
      "dev": true,
      "requires": {
        "@azure/arm-apimanagement": "^5.1.0",
        "@azure/arm-appservice": "^5.7.0",
        "@azure/arm-resources": "^1.0.1",
        "@azure/ms-rest-nodeauth": "^1.0.1",
        "axios": "^0.18.0",
        "jsonpath": "^1.0.1",
        "lodash": "^4.16.6",
        "open": "^6.3.0",
        "request": "^2.81.0",
        "serverless-webpack": "^4.2.0",
        "webpack": "^3.10.0"
      }
    }
  }
}
